
Microsoft Visual Studio Solution File, Format Version 12.00
# Visual Studio 15
VisualStudioVersion = 15.0.26730.12
MinimumVisualStudioVersion = 10.0.40219.1
Project("{FAE04EC0-301F-11D3-BF4B-00C04F79EFBC}") = "WebCoreReact", "WebCoreReact\WebCoreReact.csproj", "{A3B4265A-6C0F-41FA-AA83-E2C009DCDD62}"
EndProject
Global
	GlobalSection(SolutionConfigurationPlatforms) = preSolution
		Debug|Any CPU = Debug|Any CPU
		Release|Any CPU = Release|Any CPU
	EndGlobalSection
	GlobalSection(ProjectConfigurationPlatforms) = postSolution
		{A3B4265A-6C0F-41FA-AA83-E2C009DCDD62}.Debug|Any CPU.ActiveCfg = Debug|Any CPU
		{A3B4265A-6C0F-41FA-AA83-E2C009DCDD62}.Debug|Any CPU.Build.0 = Debug|Any CPU
		{A3B4265A-6C0F-41FA-AA83-E2C009DCDD62}.Release|Any CPU.ActiveCfg = Release|Any CPU
		{A3B4265A-6C0F-41FA-AA83-E2C009DCDD62}.Release|Any CPU.Build.0 = Release|Any CPU
	EndGlobalSection
	GlobalSection(SolutionProperties) = preSolution
		HideSolutionNode = FALSE
	EndGlobalSection
	GlobalSection(ExtensibilityGlobals) = postSolution
		SolutionGuid = {494A5D72-F3BD-41E0-9FCB-2BA15230447A}
	EndGlobalSection
EndGlobal
